
Microsoft Visual Studio Solution File, Format Version 12.00
# Visual Studio Version 17
VisualStudioVersion = 17.3.32929.385
MinimumVisualStudioVersion = 10.0.40219.1
Project("{2150E333-8FDC-42A3-9474-1A3956D46DE8}") = "tests", "tests", "{78AE3739-8172-4D19-8E0F-4FFFA80E1EBF}"
EndProject
Project("{9A19103F-16F7-4668-BE54-9A1E7A4F7556}") = "SmartGuideTdd.FindMultiples.Tests", "tests\SmartGuideTdd.FindMultiples.Tests\SmartGuideTdd.FindMultiples.Tests.csproj", "{A995FF4F-BA29-43E3-968A-5846DA2AFDD8}"
EndProject
Project("{9A19103F-16F7-4668-BE54-9A1E7A4F7556}") = "SmartGuideTdd.FindMultiples", "src\SmartGuideTdd.FindMultiples\SmartGuideTdd.FindMultiples.csproj", "{496E472C-9FEE-4747-B0DC-835DA2F1EA83}"
EndProject
Project("{2150E333-8FDC-42A3-9474-1A3956D46DE8}") = "benchmarks", "benchmarks", "{A162AB2B-0EB0-46AB-8B16-5EC4F5BB8260}"
EndProject
Project("{9A19103F-16F7-4668-BE54-9A1E7A4F7556}") = "SmartGuideTdd.FindMultiples.Benchmarks", "benchmarks\SmartGuideTdd.FindMultiples.Benchmarks\SmartGuideTdd.FindMultiples.Benchmarks.csproj", "{A761043E-2D9C-4F2E-8066-08AC9E92873D}"
EndProject
Project("{9A19103F-16F7-4668-BE54-9A1E7A4F7556}") = "SmartGuideTdd.FirstNonConsecutiveNumber", "src\SmartGuideTdd.FirstNonConsecutiveNumber\SmartGuideTdd.FirstNonConsecutiveNumber.csproj", "{C81FD328-536F-4AF0-8E2C-98AA94CA4615}"
EndProject
Project("{9A19103F-16F7-4668-BE54-9A1E7A4F7556}") = "SmartGuideTdd.FirstNonConsecutiveNumber.Tests", "tests\SmartGuideTdd.FirstNonConsecutiveNumber.Tests\SmartGuideTdd.FirstNonConsecutiveNumber.Tests.csproj", "{E944B33A-A9E0-4547-9A48-0DCF06939525}"
EndProject
Project("{9A19103F-16F7-4668-BE54-9A1E7A4F7556}") = "SmartGuideTdd.FirstNonConsecutiveNumber.Benchmarks", "benchmarks\SmartGuideTdd.FirstNonConsecutiveNumber.Benchmarks\SmartGuideTdd.FirstNonConsecutiveNumber.Benchmarks.csproj", "{C8F7A10A-EC74-4913-960C-BF9324351663}"
EndProject
Project("{9A19103F-16F7-4668-BE54-9A1E7A4F7556}") = "SmartGuideTdd.FizzBuzz", "src\SmartGuideTdd.FizzBuzz\SmartGuideTdd.FizzBuzz.csproj", "{8D80032A-8D88-4FA3-8508-69FF7B6DA396}"
EndProject
Project("{9A19103F-16F7-4668-BE54-9A1E7A4F7556}") = "SmartGuideTdd.FizzBuzz.Tests", "tests\SmartGuideTdd.FizzBuzz.Tests\SmartGuideTdd.FizzBuzz.Tests.csproj", "{95C1903C-A430-452A-A2FB-0778E0C6458C}"
EndProject
Project("{9A19103F-16F7-4668-BE54-9A1E7A4F7556}") = "SmartGuideTdd.SumWithoutHighestAndLowest", "src\SmartGuideTdd.SumWithoutHighestAndLowest\SmartGuideTdd.SumWithoutHighestAndLowest.csproj", "{98277178-6971-4D90-9070-D66C157CC3FE}"
EndProject
Project("{9A19103F-16F7-4668-BE54-9A1E7A4F7556}") = "SmartGuideTdd.SumWithoutHighestAndLowest.Tests", "tests\SmartGuideTdd.SumWithoutHighestAndLowest.Tests\SmartGuideTdd.SumWithoutHighestAndLowest.Tests.csproj", "{39FDF977-5BDA-4899-BD8C-195CA22AC414}"
EndProject
Project("{9A19103F-16F7-4668-BE54-9A1E7A4F7556}") = "SmartGuideTdd.GameOfLife", "src\SmartGuideTdd.GameOfLife\SmartGuideTdd.GameOfLife.csproj", "{185FEDD1-45DD-4D44-921E-C17B51E49FC4}"
EndProject
Project("{9A19103F-16F7-4668-BE54-9A1E7A4F7556}") = "SmartGuideTdd.GameOfLife.Tests", "tests\SmartGuideTdd.GameOfLife.Tests\SmartGuideTdd.GameOfLife.Tests.csproj", "{4DEA914A-5261-438B-B1DC-3F48EDB97C86}"
EndProject
Project("{9A19103F-16F7-4668-BE54-9A1E7A4F7556}") = "SmartGuideTdd.GameOfLife.Benchmarks", "benchmarks\SmartGuideTdd.GameOfLife.Benchmarks\SmartGuideTdd.GameOfLife.Benchmarks.csproj", "{1EE47A6A-8998-46C7-A72D-D8712D4FFEC4}"
EndProject
Global
	GlobalSection(SolutionConfigurationPlatforms) = preSolution
		Debug|Any CPU = Debug|Any CPU
		Release|Any CPU = Release|Any CPU
	EndGlobalSection
	GlobalSection(ProjectConfigurationPlatforms) = postSolution
		{A995FF4F-BA29-43E3-968A-5846DA2AFDD8}.Debug|Any CPU.ActiveCfg = Debug|Any CPU
		{A995FF4F-BA29-43E3-968A-5846DA2AFDD8}.Debug|Any CPU.Build.0 = Debug|Any CPU
		{A995FF4F-BA29-43E3-968A-5846DA2AFDD8}.Release|Any CPU.ActiveCfg = Release|Any CPU
		{A995FF4F-BA29-43E3-968A-5846DA2AFDD8}.Release|Any CPU.Build.0 = Release|Any CPU
		{496E472C-9FEE-4747-B0DC-835DA2F1EA83}.Debug|Any CPU.ActiveCfg = Debug|Any CPU
		{496E472C-9FEE-4747-B0DC-835DA2F1EA83}.Debug|Any CPU.Build.0 = Debug|Any CPU
		{496E472C-9FEE-4747-B0DC-835DA2F1EA83}.Release|Any CPU.ActiveCfg = Release|Any CPU
		{496E472C-9FEE-4747-B0DC-835DA2F1EA83}.Release|Any CPU.Build.0 = Release|Any CPU
		{A761043E-2D9C-4F2E-8066-08AC9E92873D}.Debug|Any CPU.ActiveCfg = Debug|Any CPU
		{A761043E-2D9C-4F2E-8066-08AC9E92873D}.Debug|Any CPU.Build.0 = Debug|Any CPU
		{A761043E-2D9C-4F2E-8066-08AC9E92873D}.Release|Any CPU.ActiveCfg = Release|Any CPU
		{A761043E-2D9C-4F2E-8066-08AC9E92873D}.Release|Any CPU.Build.0 = Release|Any CPU
		{C81FD328-536F-4AF0-8E2C-98AA94CA4615}.Debug|Any CPU.ActiveCfg = Debug|Any CPU
		{C81FD328-536F-4AF0-8E2C-98AA94CA4615}.Debug|Any CPU.Build.0 = Debug|Any CPU
		{C81FD328-536F-4AF0-8E2C-98AA94CA4615}.Release|Any CPU.ActiveCfg = Release|Any CPU
		{C81FD328-536F-4AF0-8E2C-98AA94CA4615}.Release|Any CPU.Build.0 = Release|Any CPU
		{E944B33A-A9E0-4547-9A48-0DCF06939525}.Debug|Any CPU.ActiveCfg = Debug|Any CPU
		{E944B33A-A9E0-4547-9A48-0DCF06939525}.Debug|Any CPU.Build.0 = Debug|Any CPU
		{E944B33A-A9E0-4547-9A48-0DCF06939525}.Release|Any CPU.ActiveCfg = Release|Any CPU
		{E944B33A-A9E0-4547-9A48-0DCF06939525}.Release|Any CPU.Build.0 = Release|Any CPU
		{C8F7A10A-EC74-4913-960C-BF9324351663}.Debug|Any CPU.ActiveCfg = Debug|Any CPU
		{C8F7A10A-EC74-4913-960C-BF9324351663}.Debug|Any CPU.Build.0 = Debug|Any CPU
		{C8F7A10A-EC74-4913-960C-BF9324351663}.Release|Any CPU.ActiveCfg = Release|Any CPU
		{C8F7A10A-EC74-4913-960C-BF9324351663}.Release|Any CPU.Build.0 = Release|Any CPU
		{8D80032A-8D88-4FA3-8508-69FF7B6DA396}.Debug|Any CPU.ActiveCfg = Debug|Any CPU
		{8D80032A-8D88-4FA3-8508-69FF7B6DA396}.Debug|Any CPU.Build.0 = Debug|Any CPU
		{8D80032A-8D88-4FA3-8508-69FF7B6DA396}.Release|Any CPU.ActiveCfg = Release|Any CPU
		{8D80032A-8D88-4FA3-8508-69FF7B6DA396}.Release|Any CPU.Build.0 = Release|Any CPU
		{95C1903C-A430-452A-A2FB-0778E0C6458C}.Debug|Any CPU.ActiveCfg = Debug|Any CPU
		{95C1903C-A430-452A-A2FB-0778E0C6458C}.Debug|Any CPU.Build.0 = Debug|Any CPU
		{95C1903C-A430-452A-A2FB-0778E0C6458C}.Release|Any CPU.ActiveCfg = Release|Any CPU
		{95C1903C-A430-452A-A2FB-0778E0C6458C}.Release|Any CPU.Build.0 = Release|Any CPU
		{98277178-6971-4D90-9070-D66C157CC3FE}.Debug|Any CPU.ActiveCfg = Debug|Any CPU
		{98277178-6971-4D90-9070-D66C157CC3FE}.Debug|Any CPU.Build.0 = Debug|Any CPU
		{98277178-6971-4D90-9070-D66C157CC3FE}.Release|Any CPU.ActiveCfg = Release|Any CPU
		{98277178-6971-4D90-9070-D66C157CC3FE}.Release|Any CPU.Build.0 = Release|Any CPU
		{39FDF977-5BDA-4899-BD8C-195CA22AC414}.Debug|Any CPU.ActiveCfg = Debug|Any CPU
		{39FDF977-5BDA-4899-BD8C-195CA22AC414}.Debug|Any CPU.Build.0 = Debug|Any CPU
		{39FDF977-5BDA-4899-BD8C-195CA22AC414}.Release|Any CPU.ActiveCfg = Release|Any CPU
		{39FDF977-5BDA-4899-BD8C-195CA22AC414}.Release|Any CPU.Build.0 = Release|Any CPU
		{185FEDD1-45DD-4D44-921E-C17B51E49FC4}.Debug|Any CPU.ActiveCfg = Debug|Any CPU
		{185FEDD1-45DD-4D44-921E-C17B51E49FC4}.Debug|Any CPU.Build.0 = Debug|Any CPU
		{185FEDD1-45DD-4D44-921E-C17B51E49FC4}.Release|Any CPU.ActiveCfg = Release|Any CPU
		{185FEDD1-45DD-4D44-921E-C17B51E49FC4}.Release|Any CPU.Build.0 = Release|Any CPU
		{4DEA914A-5261-438B-B1DC-3F48EDB97C86}.Debug|Any CPU.ActiveCfg = Debug|Any CPU
		{4DEA914A-5261-438B-B1DC-3F48EDB97C86}.Debug|Any CPU.Build.0 = Debug|Any CPU
		{4DEA914A-5261-438B-B1DC-3F48EDB97C86}.Release|Any CPU.ActiveCfg = Release|Any CPU
		{4DEA914A-5261-438B-B1DC-3F48EDB97C86}.Release|Any CPU.Build.0 = Release|Any CPU
		{1EE47A6A-8998-46C7-A72D-D8712D4FFEC4}.Debug|Any CPU.ActiveCfg = Debug|Any CPU
		{1EE47A6A-8998-46C7-A72D-D8712D4FFEC4}.Debug|Any CPU.Build.0 = Debug|Any CPU
		{1EE47A6A-8998-46C7-A72D-D8712D4FFEC4}.Release|Any CPU.ActiveCfg = Release|Any CPU
		{1EE47A6A-8998-46C7-A72D-D8712D4FFEC4}.Release|Any CPU.Build.0 = Release|Any CPU
	EndGlobalSection
	GlobalSection(SolutionProperties) = preSolution
		HideSolutionNode = FALSE
	EndGlobalSection
	GlobalSection(NestedProjects) = preSolution
		{A995FF4F-BA29-43E3-968A-5846DA2AFDD8} = {78AE3739-8172-4D19-8E0F-4FFFA80E1EBF}
		{A761043E-2D9C-4F2E-8066-08AC9E92873D} = {A162AB2B-0EB0-46AB-8B16-5EC4F5BB8260}
		{E944B33A-A9E0-4547-9A48-0DCF06939525} = {78AE3739-8172-4D19-8E0F-4FFFA80E1EBF}
		{C8F7A10A-EC74-4913-960C-BF9324351663} = {A162AB2B-0EB0-46AB-8B16-5EC4F5BB8260}
		{95C1903C-A430-452A-A2FB-0778E0C6458C} = {78AE3739-8172-4D19-8E0F-4FFFA80E1EBF}
		{39FDF977-5BDA-4899-BD8C-195CA22AC414} = {78AE3739-8172-4D19-8E0F-4FFFA80E1EBF}
		{4DEA914A-5261-438B-B1DC-3F48EDB97C86} = {78AE3739-8172-4D19-8E0F-4FFFA80E1EBF}
		{1EE47A6A-8998-46C7-A72D-D8712D4FFEC4} = {A162AB2B-0EB0-46AB-8B16-5EC4F5BB8260}
	EndGlobalSection
	GlobalSection(ExtensibilityGlobals) = postSolution
		SolutionGuid = {C7081939-09C3-4AF9-830B-04D3244302B0}
	EndGlobalSection
EndGlobal
